
Microsoft Visual Studio Solution File, Format Version 12.00
# Visual Studio Version 17
VisualStudioVersion = 17.3.32804.467
MinimumVisualStudioVersion = 10.0.40219.1
Project("{2150E333-8FDC-42A3-9474-1A3956D46DE8}") = "Solution Items", "Solution Items", "{12ED5129-193A-48BA-94BF-EEF14ED759F5}"
	ProjectSection(SolutionItems) = preProject
		.editorconfig = .editorconfig
	EndProjectSection
EndProject
Project("{2150E333-8FDC-42A3-9474-1A3956D46DE8}") = "Source Code", "Source Code", "{4ABF86FB-018C-4E44-A780-39E565E6143B}"
EndProject
Project("{2150E333-8FDC-42A3-9474-1A3956D46DE8}") = "Tests", "Tests", "{83B3C6D3-110A-4E0C-BD15-C9F082BC4511}"
EndProject
Project("{9A19103F-16F7-4668-BE54-9A1E7A4F7556}") = "SharedResources", "SharedResources\SharedResources.csproj", "{D9C84ABC-4470-4715-90E0-5CBFCE6C503D}"
EndProject
Project("{2150E333-8FDC-42A3-9474-1A3956D46DE8}") = "Domain", "Domain", "{F5EA2833-D52A-4F5E-96A9-803E07A4CB3F}"
EndProject
Project("{9A19103F-16F7-4668-BE54-9A1E7A4F7556}") = "Domain", "Domain\Domain.csproj", "{F205A05C-7467-42D9-8B73-33029262E657}"
EndProject
Project("{2150E333-8FDC-42A3-9474-1A3956D46DE8}") = "SharedKernal", "SharedKernal", "{B099B6D9-1BCE-43C0-8A52-7F1D35D3CECA}"
EndProject
Project("{9A19103F-16F7-4668-BE54-9A1E7A4F7556}") = "SharedKernal", "SharedKernal\SharedKernal.csproj", "{84703EA7-AB53-4A80-BFEF-B1840828A1D8}"
EndProject
Project("{2150E333-8FDC-42A3-9474-1A3956D46DE8}") = "Application", "Application", "{D96C7368-3F29-484F-8E16-C8F9886AE47B}"
EndProject
Project("{9A19103F-16F7-4668-BE54-9A1E7A4F7556}") = "Application", "Application\Application.csproj", "{64D95D7D-39D7-459C-B8D1-9C53E25D3619}"
EndProject
Project("{9A19103F-16F7-4668-BE54-9A1E7A4F7556}") = "Infrastructure", "Infrastructure\Infrastructure.csproj", "{347D3FFE-D20E-4055-A034-CDFA74AD0591}"
EndProject
Project("{2150E333-8FDC-42A3-9474-1A3956D46DE8}") = "Infrastructure", "Infrastructure", "{CF96DF8F-F4C1-494F-A15C-BCEADB8DA5CB}"
EndProject
Project("{2150E333-8FDC-42A3-9474-1A3956D46DE8}") = "Presentation", "Presentation", "{C8E2FF93-10E5-4983-B032-4164F9964691}"
EndProject
Project("{9A19103F-16F7-4668-BE54-9A1E7A4F7556}") = "Presentation", "Presentation\Presentation.csproj", "{B50B374D-7DC3-4BD4-A90E-D362B96F3D7B}"
EndProject
Project("{2150E333-8FDC-42A3-9474-1A3956D46DE8}") = "SharedResources", "SharedResources", "{9CD01827-A233-4BB9-AD2E-C56D879DD84B}"
EndProject
Project("{9A19103F-16F7-4668-BE54-9A1E7A4F7556}") = "Benchmarks", "DataBaseBenchmarks\Benchmarks.csproj", "{380DEA77-D5DC-493A-900D-E1052928BF5A}"
EndProject
Project("{9A19103F-16F7-4668-BE54-9A1E7A4F7556}") = "ArchitectureTests", "ArchitectureTests\ArchitectureTests.csproj", "{88A70595-3C84-40BE-8849-6CBD065006ED}"
EndProject
Project("{9A19103F-16F7-4668-BE54-9A1E7A4F7556}") = "UnitTests", "UnitTests\UnitTests.csproj", "{F9526BE8-316E-4553-8863-CBDAA94A694D}"
EndProject
Project("{FAE04EC0-301F-11D3-BF4B-00C04F79EFBC}") = "WebApplication1", "WebApplication1\WebApplication1.csproj", "{2F6B04F4-FFDD-412D-A190-61D1834EFAA9}"
EndProject
Global
	GlobalSection(SolutionConfigurationPlatforms) = preSolution
		Debug|Any CPU = Debug|Any CPU
		Release|Any CPU = Release|Any CPU
	EndGlobalSection
	GlobalSection(ProjectConfigurationPlatforms) = postSolution
		{D9C84ABC-4470-4715-90E0-5CBFCE6C503D}.Debug|Any CPU.ActiveCfg = Debug|Any CPU
		{D9C84ABC-4470-4715-90E0-5CBFCE6C503D}.Debug|Any CPU.Build.0 = Debug|Any CPU
		{D9C84ABC-4470-4715-90E0-5CBFCE6C503D}.Release|Any CPU.ActiveCfg = Release|Any CPU
		{D9C84ABC-4470-4715-90E0-5CBFCE6C503D}.Release|Any CPU.Build.0 = Release|Any CPU
		{F205A05C-7467-42D9-8B73-33029262E657}.Debug|Any CPU.ActiveCfg = Debug|Any CPU
		{F205A05C-7467-42D9-8B73-33029262E657}.Debug|Any CPU.Build.0 = Debug|Any CPU
		{F205A05C-7467-42D9-8B73-33029262E657}.Release|Any CPU.ActiveCfg = Release|Any CPU
		{F205A05C-7467-42D9-8B73-33029262E657}.Release|Any CPU.Build.0 = Release|Any CPU
		{84703EA7-AB53-4A80-BFEF-B1840828A1D8}.Debug|Any CPU.ActiveCfg = Debug|Any CPU
		{84703EA7-AB53-4A80-BFEF-B1840828A1D8}.Debug|Any CPU.Build.0 = Debug|Any CPU
		{84703EA7-AB53-4A80-BFEF-B1840828A1D8}.Release|Any CPU.ActiveCfg = Release|Any CPU
		{84703EA7-AB53-4A80-BFEF-B1840828A1D8}.Release|Any CPU.Build.0 = Release|Any CPU
		{64D95D7D-39D7-459C-B8D1-9C53E25D3619}.Debug|Any CPU.ActiveCfg = Debug|Any CPU
		{64D95D7D-39D7-459C-B8D1-9C53E25D3619}.Debug|Any CPU.Build.0 = Debug|Any CPU
		{64D95D7D-39D7-459C-B8D1-9C53E25D3619}.Release|Any CPU.ActiveCfg = Release|Any CPU
		{64D95D7D-39D7-459C-B8D1-9C53E25D3619}.Release|Any CPU.Build.0 = Release|Any CPU
		{347D3FFE-D20E-4055-A034-CDFA74AD0591}.Debug|Any CPU.ActiveCfg = Debug|Any CPU
		{347D3FFE-D20E-4055-A034-CDFA74AD0591}.Debug|Any CPU.Build.0 = Debug|Any CPU
		{347D3FFE-D20E-4055-A034-CDFA74AD0591}.Release|Any CPU.ActiveCfg = Release|Any CPU
		{347D3FFE-D20E-4055-A034-CDFA74AD0591}.Release|Any CPU.Build.0 = Release|Any CPU
		{B50B374D-7DC3-4BD4-A90E-D362B96F3D7B}.Debug|Any CPU.ActiveCfg = Debug|Any CPU
		{B50B374D-7DC3-4BD4-A90E-D362B96F3D7B}.Debug|Any CPU.Build.0 = Debug|Any CPU
		{B50B374D-7DC3-4BD4-A90E-D362B96F3D7B}.Release|Any CPU.ActiveCfg = Release|Any CPU
		{B50B374D-7DC3-4BD4-A90E-D362B96F3D7B}.Release|Any CPU.Build.0 = Release|Any CPU
		{380DEA77-D5DC-493A-900D-E1052928BF5A}.Debug|Any CPU.ActiveCfg = Debug|Any CPU
		{380DEA77-D5DC-493A-900D-E1052928BF5A}.Debug|Any CPU.Build.0 = Debug|Any CPU
		{380DEA77-D5DC-493A-900D-E1052928BF5A}.Release|Any CPU.ActiveCfg = Release|Any CPU
		{380DEA77-D5DC-493A-900D-E1052928BF5A}.Release|Any CPU.Build.0 = Release|Any CPU
		{88A70595-3C84-40BE-8849-6CBD065006ED}.Debug|Any CPU.ActiveCfg = Debug|Any CPU
		{88A70595-3C84-40BE-8849-6CBD065006ED}.Debug|Any CPU.Build.0 = Debug|Any CPU
		{88A70595-3C84-40BE-8849-6CBD065006ED}.Release|Any CPU.ActiveCfg = Release|Any CPU
		{88A70595-3C84-40BE-8849-6CBD065006ED}.Release|Any CPU.Build.0 = Release|Any CPU
		{F9526BE8-316E-4553-8863-CBDAA94A694D}.Debug|Any CPU.ActiveCfg = Debug|Any CPU
		{F9526BE8-316E-4553-8863-CBDAA94A694D}.Debug|Any CPU.Build.0 = Debug|Any CPU
		{F9526BE8-316E-4553-8863-CBDAA94A694D}.Release|Any CPU.ActiveCfg = Release|Any CPU
		{F9526BE8-316E-4553-8863-CBDAA94A694D}.Release|Any CPU.Build.0 = Release|Any CPU
		{2F6B04F4-FFDD-412D-A190-61D1834EFAA9}.Debug|Any CPU.ActiveCfg = Debug|Any CPU
		{2F6B04F4-FFDD-412D-A190-61D1834EFAA9}.Debug|Any CPU.Build.0 = Debug|Any CPU
		{2F6B04F4-FFDD-412D-A190-61D1834EFAA9}.Release|Any CPU.ActiveCfg = Release|Any CPU
		{2F6B04F4-FFDD-412D-A190-61D1834EFAA9}.Release|Any CPU.Build.0 = Release|Any CPU
	EndGlobalSection
	GlobalSection(SolutionProperties) = preSolution
		HideSolutionNode = FALSE
	EndGlobalSection
	GlobalSection(NestedProjects) = preSolution
		{D9C84ABC-4470-4715-90E0-5CBFCE6C503D} = {9CD01827-A233-4BB9-AD2E-C56D879DD84B}
		{F5EA2833-D52A-4F5E-96A9-803E07A4CB3F} = {4ABF86FB-018C-4E44-A780-39E565E6143B}
		{F205A05C-7467-42D9-8B73-33029262E657} = {F5EA2833-D52A-4F5E-96A9-803E07A4CB3F}
		{B099B6D9-1BCE-43C0-8A52-7F1D35D3CECA} = {4ABF86FB-018C-4E44-A780-39E565E6143B}
		{84703EA7-AB53-4A80-BFEF-B1840828A1D8} = {B099B6D9-1BCE-43C0-8A52-7F1D35D3CECA}
		{D96C7368-3F29-484F-8E16-C8F9886AE47B} = {4ABF86FB-018C-4E44-A780-39E565E6143B}
		{64D95D7D-39D7-459C-B8D1-9C53E25D3619} = {D96C7368-3F29-484F-8E16-C8F9886AE47B}
		{347D3FFE-D20E-4055-A034-CDFA74AD0591} = {CF96DF8F-F4C1-494F-A15C-BCEADB8DA5CB}
		{CF96DF8F-F4C1-494F-A15C-BCEADB8DA5CB} = {4ABF86FB-018C-4E44-A780-39E565E6143B}
		{C8E2FF93-10E5-4983-B032-4164F9964691} = {4ABF86FB-018C-4E44-A780-39E565E6143B}
		{B50B374D-7DC3-4BD4-A90E-D362B96F3D7B} = {C8E2FF93-10E5-4983-B032-4164F9964691}
		{9CD01827-A233-4BB9-AD2E-C56D879DD84B} = {4ABF86FB-018C-4E44-A780-39E565E6143B}
		{380DEA77-D5DC-493A-900D-E1052928BF5A} = {83B3C6D3-110A-4E0C-BD15-C9F082BC4511}
		{88A70595-3C84-40BE-8849-6CBD065006ED} = {83B3C6D3-110A-4E0C-BD15-C9F082BC4511}
		{F9526BE8-316E-4553-8863-CBDAA94A694D} = {83B3C6D3-110A-4E0C-BD15-C9F082BC4511}
	EndGlobalSection
	GlobalSection(ExtensibilityGlobals) = postSolution
		SolutionGuid = {35E6C14A-C5EE-4633-B090-B5733EFDDEC9}
	EndGlobalSection
EndGlobal
